
Microsoft Visual Studio Solution File, Format Version 12.00
# Visual Studio Version 17
VisualStudioVersion = 17.0.31912.275
MinimumVisualStudioVersion = 10.0.40219.1
Project("{FAE04EC0-301F-11D3-BF4B-00C04F79EFBC}") = "WebScraping", "WebScraping\WebScraping.csproj", "{B4499648-D4E5-472C-94CC-FD43625C7DEE}"
EndProject
Global
	GlobalSection(SolutionConfigurationPlatforms) = preSolution
		Debug|Any CPU = Debug|Any CPU
		Release|Any CPU = Release|Any CPU
	EndGlobalSection
	GlobalSection(ProjectConfigurationPlatforms) = postSolution
		{B4499648-D4E5-472C-94CC-FD43625C7DEE}.Debug|Any CPU.ActiveCfg = Debug|Any CPU
		{B4499648-D4E5-472C-94CC-FD43625C7DEE}.Debug|Any CPU.Build.0 = Debug|Any CPU
		{B4499648-D4E5-472C-94CC-FD43625C7DEE}.Release|Any CPU.ActiveCfg = Release|Any CPU
		{B4499648-D4E5-472C-94CC-FD43625C7DEE}.Release|Any CPU.Build.0 = Release|Any CPU
	EndGlobalSection
	GlobalSection(SolutionProperties) = preSolution
		HideSolutionNode = FALSE
	EndGlobalSection
	GlobalSection(ExtensibilityGlobals) = postSolution
		SolutionGuid = {6BC5F13D-709A-4163-9B57-4917EDE6774E}
	EndGlobalSection
EndGlobal
